// !$*UTF8*$!
{
	archiveVersion = 1;
	classes = {
	};
	objectVersion = 46;
	objects = {

/* Begin PBXBuildFile section */
		939001AF1D07A76200BF8CA3 /* main.m in Sources */ = {isa = PBXBuildFile; fileRef = 939001AE1D07A76200BF8CA3 /* main.m */; };
		939001B21D07A76200BF8CA3 /* AppDelegate.m in Sources */ = {isa = PBXBuildFile; fileRef = 939001B11D07A76200BF8CA3 /* AppDelegate.m */; };
		939001B51D07A76200BF8CA3 /* ViewController.m in Sources */ = {isa = PBXBuildFile; fileRef = 939001B41D07A76200BF8CA3 /* ViewController.m */; };
		939001B81D07A76200BF8CA3 /* Main.storyboard in Resources */ = {isa = PBXBuildFile; fileRef = 939001B61D07A76200BF8CA3 /* Main.storyboard */; };
		939001BA1D07A76200BF8CA3 /* Assets.xcassets in Resources */ = {isa = PBXBuildFile; fileRef = 939001B91D07A76200BF8CA3 /* Assets.xcassets */; };
		939001BD1D07A76200BF8CA3 /* LaunchScreen.storyboard in Resources */ = {isa = PBXBuildFile; fileRef = 939001BB1D07A76200BF8CA3 /* LaunchScreen.storyboard */; };
		939001C81D07A76200BF8CA3 /* WMUICustomSheetExampleTests.m in Sources */ = {isa = PBXBuildFile; fileRef = 939001C71D07A76200BF8CA3 /* WMUICustomSheetExampleTests.m */; };
		939001D31D07A76200BF8CA3 /* WMUICustomSheetExampleUITests.m in Sources */ = {isa = PBXBuildFile; fileRef = 939001D21D07A76200BF8CA3 /* WMUICustomSheetExampleUITests.m */; };
/* End PBXBuildFile section */

/* Begin PBXContainerItemProxy section */
		939001C41D07A76200BF8CA3 /* PBXContainerItemProxy */ = {
			isa = PBXContainerItemProxy;
			containerPortal = 939001A21D07A76200BF8CA3 /* Project object */;
			proxyType = 1;
			remoteGlobalIDString = 939001A91D07A76200BF8CA3;
			remoteInfo = WMUICustomSheetExample;
		};
		939001CF1D07A76200BF8CA3 /* PBXContainerItemProxy */ = {
			isa = PBXContainerItemProxy;
			containerPortal = 939001A21D07A76200BF8CA3 /* Project object */;
			proxyType = 1;
			remoteGlobalIDString = 939001A91D07A76200BF8CA3;
			remoteInfo = WMUICustomSheetExample;
		};
/* End PBXContainerItemProxy section */

/* Begin PBXFileReference section */
		939001AA1D07A76200BF8CA3 /* WMUICustomSheetExample.app */ = {isa = PBXFileReference; explicitFileType = wrapper.application; includeInIndex = 0; path = WMUICustomSheetExample.app; sourceTree = BUILT_PRODUCTS_DIR; };
		939001AE1D07A76200BF8CA3 /* main.m */ = {isa = PBXFileReference; lastKnownFileType = sourcecode.c.objc; path = main.m; sourceTree = "<group>"; };
		939001B01D07A76200BF8CA3 /* AppDelegate.h */ = {isa = PBXFileReference; lastKnownFileType = sourcecode.c.h; path = AppDelegate.h; sourceTree = "<group>"; };
		939001B11D07A76200BF8CA3 /* AppDelegate.m */ = {isa = PBXFileReference; lastKnownFileType = sourcecode.c.objc; path = AppDelegate.m; sourceTree = "<group>"; };
		939001B31D07A76200BF8CA3 /* ViewController.h */ = {isa = PBXFileReference; lastKnownFileType = sourcecode.c.h; path = ViewController.h; sourceTree = "<group>"; };
		939001B41D07A76200BF8CA3 /* ViewController.m */ = {isa = PBXFileReference; lastKnownFileType = sourcecode.c.objc; path = ViewController.m; sourceTree = "<group>"; };
		939001B71D07A76200BF8CA3 /* Base */ = {isa = PBXFileReference; lastKnownFileType = file.storyboard; name = Base; path = Base.lproj/Main.storyboard; sourceTree = "<group>"; };
		939001B91D07A76200BF8CA3 /* Assets.xcassets */ = {isa = PBXFileReference; lastKnownFileType = folder.assetcatalog; path = Assets.xcassets; sourceTree = "<group>"; };
		939001BC1D07A76200BF8CA3 /* Base */ = {isa = PBXFileReference; lastKnownFileType = file.storyboard; name = Base; path = Base.lproj/LaunchScreen.storyboard; sourceTree = "<group>"; };
		939001BE1D07A76200BF8CA3 /* Info.plist */ = {isa = PBXFileReference; lastKnownFileType = text.plist.xml; path = Info.plist; sourceTree = "<group>"; };
		939001C31D07A76200BF8CA3 /* WMUICustomSheetExampleTests.xctest */ = {isa = PBXFileReference; explicitFileType = wrapper.cfbundle; includeInIndex = 0; path = WMUICustomSheetExampleTests.xctest; sourceTree = BUILT_PRODUCTS_DIR; };
		939001C71D07A76200BF8CA3 /* WMUICustomSheetExampleTests.m */ = {isa = PBXFileReference; lastKnownFileType = sourcecode.c.objc; path = WMUICustomSheetExampleTests.m; sourceTree = "<group>"; };
		939001C91D07A76200BF8CA3 /* Info.plist */ = {isa = PBXFileReference; lastKnownFileType = text.plist.xml; path = Info.plist; sourceTree = "<group>"; };
		939001CE1D07A76200BF8CA3 /* WMUICustomSheetExampleUITests.xctest */ = {isa = PBXFileReference; explicitFileType = wrapper.cfbundle; includeInIndex = 0; path = WMUICustomSheetExampleUITests.xctest; sourceTree = BUILT_PRODUCTS_DIR; };
		939001D21D07A76200BF8CA3 /* WMUICustomSheetExampleUITests.m */ = {isa = PBXFileReference; lastKnownFileType = sourcecode.c.objc; path = WMUICustomSheetExampleUITests.m; sourceTree = "<group>"; };
		939001D41D07A76200BF8CA3 /* Info.plist */ = {isa = PBXFileReference; lastKnownFileType = text.plist.xml; path = Info.plist; sourceTree = "<group>"; };
/* End PBXFileReference section */

/* Begin PBXFrameworksBuildPhase section */
		939001A71D07A76200BF8CA3 /* Frameworks */ = {
			isa = PBXFrameworksBuildPhase;
			buildActionMask = 2147483647;
			files = (
			);
			runOnlyForDeploymentPostprocessing = 0;
		};
		939001C01D07A76200BF8CA3 /* Frameworks */ = {
			isa = PBXFrameworksBuildPhase;
			buildActionMask = 2147483647;
			files = (
			);
			runOnlyForDeploymentPostprocessing = 0;
		};
		939001CB1D07A76200BF8CA3 /* Frameworks */ = {
			isa = PBXFrameworksBuildPhase;
			buildActionMask = 2147483647;
			files = (
			);
			runOnlyForDeploymentPostprocessing = 0;
		};
/* End PBXFrameworksBuildPhase section */

/* Begin PBXGroup section */
		939001A11D07A76200BF8CA3 = {
			isa = PBXGroup;
			children = (
				939001AC1D07A76200BF8CA3 /* WMUICustomSheetExample */,
				939001C61D07A76200BF8CA3 /* WMUICustomSheetExampleTests */,
				939001D11D07A76200BF8CA3 /* WMUICustomSheetExampleUITests */,
				939001AB1D07A76200BF8CA3 /* Products */,
			);
			sourceTree = "<group>";
		};
		939001AB1D07A76200BF8CA3 /* Products */ = {
			isa = PBXGroup;
			children = (
				939001AA1D07A76200BF8CA3 /* WMUICustomSheetExample.app */,
				939001C31D07A76200BF8CA3 /* WMUICustomSheetExampleTests.xctest */,
				939001CE1D07A76200BF8CA3 /* WMUICustomSheetExampleUITests.xctest */,
			);
			name = Products;
			sourceTree = "<group>";
		};
		939001AC1D07A76200BF8CA3 /* WMUICustomSheetExample */ = {
			isa = PBXGroup;
			children = (
				939001B01D07A76200BF8CA3 /* AppDelegate.h */,
				939001B11D07A76200BF8CA3 /* AppDelegate.m */,
				939001B31D07A76200BF8CA3 /* ViewController.h */,
				939001B41D07A76200BF8CA3 /* ViewController.m */,
				939001B61D07A76200BF8CA3 /* Main.storyboard */,
				939001B91D07A76200BF8CA3 /* Assets.xcassets */,
				939001BB1D07A76200BF8CA3 /* LaunchScreen.storyboard */,
				939001BE1D07A76200BF8CA3 /* Info.plist */,
				939001AD1D07A76200BF8CA3 /* Supporting Files */,
			);
			path = WMUICustomSheetExample;
			sourceTree = "<group>";
		};
		939001AD1D07A76200BF8CA3 /* Supporting Files */ = {
			isa = PBXGroup;
			children = (
				939001AE1D07A76200BF8CA3 /* main.m */,
			);
			name = "Supporting Files";
			sourceTree = "<group>";
		};
		939001C61D07A76200BF8CA3 /* WMUICustomSheetExampleTests */ = {
			isa = PBXGroup;
			children = (
				939001C71D07A76200BF8CA3 /* WMUICustomSheetExampleTests.m */,
				939001C91D07A76200BF8CA3 /* Info.plist */,
			);
			path = WMUICustomSheetExampleTests;
			sourceTree = "<group>";
		};
		939001D11D07A76200BF8CA3 /* WMUICustomSheetExampleUITests */ = {
			isa = PBXGroup;
			children = (
				939001D21D07A76200BF8CA3 /* WMUICustomSheetExampleUITests.m */,
				939001D41D07A76200BF8CA3 /* Info.plist */,
			);
			path = WMUICustomSheetExampleUITests;
			sourceTree = "<group>";
		};
/* End PBXGroup section */

/* Begin PBXNativeTarget section */
		939001A91D07A76200BF8CA3 /* WMUICustomSheetExample */ = {
			isa = PBXNativeTarget;
			buildConfigurationList = 939001D71D07A76200BF8CA3 /* Build configuration list for PBXNativeTarget "WMUICustomSheetExample" */;
			buildPhases = (
				939001A61D07A76200BF8CA3 /* Sources */,
				939001A71D07A76200BF8CA3 /* Frameworks */,
				939001A81D07A76200BF8CA3 /* Resources */,
			);
			buildRules = (
			);
			dependencies = (
			);
			name = WMUICustomSheetExample;
			productName = WMUICustomSheetExample;
			productReference = 939001AA1D07A76200BF8CA3 /* WMUICustomSheetExample.app */;
			productType = "com.apple.product-type.application";
		};
		939001C21D07A76200BF8CA3 /* WMUICustomSheetExampleTests */ = {
			isa = PBXNativeTarget;
			buildConfigurationList = 939001DA1D07A76200BF8CA3 /* Build configuration list for PBXNativeTarget "WMUICustomSheetExampleTests" */;
			buildPhases = (
				939001BF1D07A76200BF8CA3 /* Sources */,
				939001C01D07A76200BF8CA3 /* Frameworks */,
				939001C11D07A76200BF8CA3 /* Resources */,
			);
			buildRules = (
			);
			dependencies = (
				939001C51D07A76200BF8CA3 /* PBXTargetDependency */,
			);
			name = WMUICustomSheetExampleTests;
			productName = WMUICustomSheetExampleTests;
			productReference = 939001C31D07A76200BF8CA3 /* WMUICustomSheetExampleTests.xctest */;
			productType = "com.apple.product-type.bundle.unit-test";
		};
		939001CD1D07A76200BF8CA3 /* WMUICustomSheetExampleUITests */ = {
			isa = PBXNativeTarget;
			buildConfigurationList = 939001DD1D07A76200BF8CA3 /* Build configuration list for PBXNativeTarget "WMUICustomSheetExampleUITests" */;
			buildPhases = (
				939001CA1D07A76200BF8CA3 /* Sources */,
				939001CB1D07A76200BF8CA3 /* Frameworks */,
				939001CC1D07A76200BF8CA3 /* Resources */,
			);
			buildRules = (
			);
			dependencies = (
				939001D01D07A76200BF8CA3 /* PBXTargetDependency */,
			);
			name = WMUICustomSheetExampleUITests;
			productName = WMUICustomSheetExampleUITests;
			productReference = 939001CE1D07A76200BF8CA3 /* WMUICustomSheetExampleUITests.xctest */;
			productType = "com.apple.product-type.bundle.ui-testing";
		};
/* End PBXNativeTarget section */

/* Begin PBXProject section */
		939001A21D07A76200BF8CA3 /* Project object */ = {
			isa = PBXProject;
			attributes = {
				LastUpgradeCheck = 0730;
				ORGANIZATIONNAME = WM;
				TargetAttributes = {
					939001A91D07A76200BF8CA3 = {
						CreatedOnToolsVersion = 7.3.1;
					};
					939001C21D07A76200BF8CA3 = {
						CreatedOnToolsVersion = 7.3.1;
						TestTargetID = 939001A91D07A76200BF8CA3;
					};
					939001CD1D07A76200BF8CA3 = {
						CreatedOnToolsVersion = 7.3.1;
						TestTargetID = 939001A91D07A76200BF8CA3;
					};
				};
			};
			buildConfigurationList = 939001A51D07A76200BF8CA3 /* Build configuration list for PBXProject "WMUICustomSheetExample" */;
			compatibilityVersion = "Xcode 3.2";
			developmentRegion = English;
			hasScannedForEncodings = 0;
			knownRegions = (
				en,
				Base,
			);
			mainGroup = 939001A11D07A76200BF8CA3;
			productRefGroup = 939001AB1D07A76200BF8CA3 /* Products */;
			projectDirPath = "";
			projectRoot = "";
			targets = (
				939001A91D07A76200BF8CA3 /* WMUICustomSheetExample */,
				939001C21D07A76200BF8CA3 /* WMUICustomSheetExampleTests */,
				939001CD1D07A76200BF8CA3 /* WMUICustomSheetExampleUITests */,
			);
		};
/* End PBXProject section */

/* Begin PBXResourcesBuildPhase section */
		939001A81D07A76200BF8CA3 /* Resources */ = {
			isa = PBXResourcesBuildPhase;
			buildActionMask = 2147483647;
			files = (
				939001BD1D07A76200BF8CA3 /* LaunchScreen.storyboard in Resources */,
				939001BA1D07A76200BF8CA3 /* Assets.xcassets in Resources */,
				939001B81D07A76200BF8CA3 /* Main.storyboard in Resources */,
			);
			runOnlyForDeploymentPostprocessing = 0;
		};
		939001C11D07A76200BF8CA3 /* Resources */ = {
			isa = PBXResourcesBuildPhase;
			buildActionMask = 2147483647;
			files = (
			);
			runOnlyForDeploymentPostprocessing = 0;
		};
		939001CC1D07A76200BF8CA3 /* Resources */ = {
			isa = PBXResourcesBuildPhase;
			buildActionMask = 2147483647;
			files = (
			);
			runOnlyForDeploymentPostprocessing = 0;
		};
/* End PBXResourcesBuildPhase section */

/* Begin PBXSourcesBuildPhase section */
		939001A61D07A76200BF8CA3 /* Sources */ = {
			isa = PBXSourcesBuildPhase;
			buildActionMask = 2147483647;
			files = (
				939001B51D07A76200BF8CA3 /* ViewController.m in Sources */,
				939001B21D07A76200BF8CA3 /* AppDelegate.m in Sources */,
				939001AF1D07A76200BF8CA3 /* main.m in Sources */,
			);
			runOnlyForDeploymentPostprocessing = 0;
		};
		939001BF1D07A76200BF8CA3 /* Sources */ = {
			isa = PBXSourcesBuildPhase;
			buildActionMask = 2147483647;
			files = (
				939001C81D07A76200BF8CA3 /* WMUICustomSheetExampleTests.m in Sources */,
			);
			runOnlyForDeploymentPostprocessing = 0;
		};
		939001CA1D07A76200BF8CA3 /* Sources */ = {
			isa = PBXSourcesBuildPhase;
			buildActionMask = 2147483647;
			files = (
				939001D31D07A76200BF8CA3 /* WMUICustomSheetExampleUITests.m in Sources */,
			);
			runOnlyForDeploymentPostprocessing = 0;
		};
/* End PBXSourcesBuildPhase section */

/* Begin PBXTargetDependency section */
		939001C51D07A76200BF8CA3 /* PBXTargetDependency */ = {
			isa = PBXTargetDependency;
			target = 939001A91D07A76200BF8CA3 /* WMUICustomSheetExample */;
			targetProxy = 939001C41D07A76200BF8CA3 /* PBXContainerItemProxy */;
		};
		939001D01D07A76200BF8CA3 /* PBXTargetDependency */ = {
			isa = PBXTargetDependency;
			target = 939001A91D07A76200BF8CA3 /* WMUICustomSheetExample */;
			targetProxy = 939001CF1D07A76200BF8CA3 /* PBXContainerItemProxy */;
		};
/* End PBXTargetDependency section */

/* Begin PBXVariantGroup section */
		939001B61D07A76200BF8CA3 /* Main.storyboard */ = {
			isa = PBXVariantGroup;
			children = (
				939001B71D07A76200BF8CA3 /* Base */,
			);
			name = Main.storyboard;
			sourceTree = "<group>";
		};
		939001BB1D07A76200BF8CA3 /* LaunchScreen.storyboard */ = {
			isa = PBXVariantGroup;
			children = (
				939001BC1D07A76200BF8CA3 /* Base */,
			);
			name = LaunchScreen.storyboard;
			sourceTree = "<group>";
		};
/* End PBXVariantGroup section */

/* Begin XCBuildConfiguration section */
		939001D51D07A76200BF8CA3 /* Debug */ = {
			isa = XCBuildConfiguration;
			buildSettings = {
				ALWAYS_SEARCH_USER_PATHS = NO;
				CLANG_ANALYZER_NONNULL = YES;
				CLANG_CXX_LANGUAGE_STANDARD = "gnu++0x";
				CLANG_CXX_LIBRARY = "libc++";
				CLANG_ENABLE_MODULES = YES;
				CLANG_ENABLE_OBJC_ARC = YES;
				CLANG_WARN_BOOL_CONVERSION = YES;
				CLANG_WARN_CONSTANT_CONVERSION = YES;
				CLANG_WARN_DIRECT_OBJC_ISA_USAGE = YES_ERROR;
				CLANG_WARN_EMPTY_BODY = YES;
				CLANG_WARN_ENUM_CONVERSION = YES;
				CLANG_WARN_INT_CONVERSION = YES;
				CLANG_WARN_OBJC_ROOT_CLASS = YES_ERROR;
				CLANG_WARN_UNREACHABLE_CODE = YES;
				CLANG_WARN__DUPLICATE_METHOD_MATCH = YES;
				"CODE_SIGN_IDENTITY[sdk=iphoneos*]" = "iPhone Developer";
				COPY_PHASE_STRIP = NO;
				DEBUG_INFORMATION_FORMAT = dwarf;
				ENABLE_STRICT_OBJC_MSGSEND = YES;
				ENABLE_TESTABILITY = YES;
				GCC_C_LANGUAGE_STANDARD = gnu99;
				GCC_DYNAMIC_NO_PIC = NO;
				GCC_NO_COMMON_BLOCKS = YES;
				GCC_OPTIMIZATION_LEVEL = 0;
				GCC_PREPROCESSOR_DEFINITIONS = (
					"DEBUG=1",
					"$(inherited)",
				);
				GCC_WARN_64_TO_32_BIT_CONVERSION = YES;
				GCC_WARN_ABOUT_RETURN_TYPE = YES_ERROR;
				GCC_WARN_UNDECLARED_SELECTOR = YES;
				GCC_WARN_UNINITIALIZED_AUTOS = YES_AGGRESSIVE;
				GCC_WARN_UNUSED_FUNCTION = YES;
				GCC_WARN_UNUSED_VARIABLE = YES;
				IPHONEOS_DEPLOYMENT_TARGET = 9.3;
				MTL_ENABLE_DEBUG_INFO = YES;
				ONLY_ACTIVE_ARCH = YES;
				SDKROOT = iphoneos;
				TARGETED_DEVICE_FAMILY = "1,2";
			};
			name = Debug;
		};
		939001D61D07A76200BF8CA3 /* Release */ = {
			isa = XCBuildConfiguration;
			buildSettings = {
				ALWAYS_SEARCH_USER_PATHS = NO;
				CLANG_ANALYZER_NONNULL = YES;
				CLANG_CXX_LANGUAGE_STANDARD = "gnu++0x";
				CLANG_CXX_LIBRARY = "libc++";
				CLANG_ENABLE_MODULES = YES;
				CLANG_ENABLE_OBJC_ARC = YES;
				CLANG_WARN_BOOL_CONVERSION = YES;
				CLANG_WARN_CONSTANT_CONVERSION = YES;
				CLANG_WARN_DIRECT_OBJC_ISA_USAGE = YES_ERROR;
				CLANG_WARN_EMPTY_BODY = YES;
				CLANG_WARN_ENUM_CONVERSION = YES;
				CLANG_WARN_INT_CONVERSION = YES;
				CLANG_WARN_OBJC_ROOT_CLASS = YES_ERROR;
				CLANG_WARN_UNREACHABLE_CODE = YES;
				CLANG_WARN__DUPLICATE_METHOD_MATCH = YES;
				"CODE_SIGN_IDENTITY[sdk=iphoneos*]" = "iPhone Developer";
				COPY_PHASE_STRIP = NO;
				DEBUG_INFORMATION_FORMAT = "dwarf-with-dsym";
				ENABLE_NS_ASSERTIONS = NO;
				ENABLE_STRICT_OBJC_MSGSEND = YES;
				GCC_C_LANGUAGE_STANDARD = gnu99;
				GCC_NO_COMMON_BLOCKS = YES;
				GCC_WARN_64_TO_32_BIT_CONVERSION = YES;
				GCC_WARN_ABOUT_RETURN_TYPE = YES_ERROR;
				GCC_WARN_UNDECLARED_SELECTOR = YES;
				GCC_WARN_UNINITIALIZED_AUTOS = YES_AGGRESSIVE;
				GCC_WARN_UNUSED_FUNCTION = YES;
				GCC_WARN_UNUSED_VARIABLE = YES;
				IPHONEOS_DEPLOYMENT_TARGET = 9.3;
				MTL_ENABLE_DEBUG_INFO = NO;
				SDKROOT = iphoneos;
				TARGETED_DEVICE_FAMILY = "1,2";
				VALIDATE_PRODUCT = YES;
			};
			name = Release;
		};
		939001D81D07A76200BF8CA3 /* Debug */ = {
			isa = XCBuildConfiguration;
			buildSettings = {
				ASSETCATALOG_COMPILER_APPICON_NAME = AppIcon;
				INFOPLIST_FILE = WMUICustomSheetExample/Info.plist;
				LD_RUNPATH_SEARCH_PATHS = "$(inherited) @executable_path/Frameworks";
				PRODUCT_BUNDLE_IDENTIFIER = MIAO.WMUICustomSheetExample;
				PRODUCT_NAME = "$(TARGET_NAME)";
			};
			name = Debug;
		};
		939001D91D07A76200BF8CA3 /* Release */ = {
			isa = XCBuildConfiguration;
			buildSettings = {
				ASSETCATALOG_COMPILER_APPICON_NAME = AppIcon;
				INFOPLIST_FILE = WMUICustomSheetExample/Info.plist;
				LD_RUNPATH_SEARCH_PATHS = "$(inherited) @executable_path/Frameworks";
				PRODUCT_BUNDLE_IDENTIFIER = MIAO.WMUICustomSheetExample;
				PRODUCT_NAME = "$(TARGET_NAME)";
			};
			name = Release;
		};
		939001DB1D07A76200BF8CA3 /* Debug */ = {
			isa = XCBuildConfiguration;
			buildSettings = {
				BUNDLE_LOADER = "$(TEST_HOST)";
				INFOPLIST_FILE = WMUICustomSheetExampleTests/Info.plist;
				LD_RUNPATH_SEARCH_PATHS = "$(inherited) @executable_path/Frameworks @loader_path/Frameworks";
				PRODUCT_BUNDLE_IDENTIFIER = MIAO.WMUICustomSheetExampleTests;
				PRODUCT_NAME = "$(TARGET_NAME)";
				TEST_HOST = "$(BUILT_PRODUCTS_DIR)/WMUICustomSheetExample.app/WMUICustomSheetExample";
			};
			name = Debug;
		};
		939001DC1D07A76200BF8CA3 /* Release */ = {
			isa = XCBuildConfiguration;
			buildSettings = {
				BUNDLE_LOADER = "$(TEST_HOST)";
				INFOPLIST_FILE = WMUICustomSheetExampleTests/Info.plist;
				LD_RUNPATH_SEARCH_PATHS = "$(inherited) @executable_path/Frameworks @loader_path/Frameworks";
				PRODUCT_BUNDLE_IDENTIFIER = MIAO.WMUICustomSheetExampleTests;
				PRODUCT_NAME = "$(TARGET_NAME)";
				TEST_HOST = "$(BUILT_PRODUCTS_DIR)/WMUICustomSheetExample.app/WMUICustomSheetExample";
			};
			name = Release;
		};
		939001DE1D07A76200BF8CA3 /* Debug */ = {
			isa = XCBuildConfiguration;
			buildSettings = {
				INFOPLIST_FILE = WMUICustomSheetExampleUITests/Info.plist;
				LD_RUNPATH_SEARCH_PATHS = "$(inherited) @executable_path/Frameworks @loader_path/Frameworks";
				PRODUCT_BUNDLE_IDENTIFIER = MIAO.WMUICustomSheetExampleUITests;
				PRODUCT_NAME = "$(TARGET_NAME)";
				TEST_TARGET_NAME = WMUICustomSheetExample;
			};
			name = Debug;
		};
		939001DF1D07A76200BF8CA3 /* Release */ = {
			isa = XCBuildConfiguration;
			buildSettings = {
				INFOPLIST_FILE = WMUICustomSheetExampleUITests/Info.plist;
				LD_RUNPATH_SEARCH_PATHS = "$(inherited) @executable_path/Frameworks @loader_path/Frameworks";
				PRODUCT_BUNDLE_IDENTIFIER = MIAO.WMUICustomSheetExampleUITests;
				PRODUCT_NAME = "$(TARGET_NAME)";
				TEST_TARGET_NAME = WMUICustomSheetExample;
			};
			name = Release;
		};
/* End XCBuildConfiguration section */

/* Begin XCConfigurationList section */
		939001A51D07A76200BF8CA3 /* Build configuration list for PBXProject "WMUICustomSheetExample" */ = {
			isa = XCConfigurationList;
			buildConfigurations = (
				939001D51D07A76200BF8CA3 /* Debug */,
				939001D61D07A76200BF8CA3 /* Release */,
			);
			defaultConfigurationIsVisible = 0;
			defaultConfigurationName = Release;
		};
		939001D71D07A76200BF8CA3 /* Build configuration list for PBXNativeTarget "WMUICustomSheetExample" */ = {
			isa = XCConfigurationList;
			buildConfigurations = (
				939001D81D07A76200BF8CA3 /* Debug */,
				939001D91D07A76200BF8CA3 /* Release */,
			);
			defaultConfigurationIsVisible = 0;
		};
		939001DA1D07A76200BF8CA3 /* Build configuration list for PBXNativeTarget "WMUICustomSheetExampleTests" */ = {
			isa = XCConfigurationList;
			buildConfigurations = (
				939001DB1D07A76200BF8CA3 /* Debug */,
				939001DC1D07A76200BF8CA3 /* Release */,
			);
			defaultConfigurationIsVisible = 0;
		};
		939001DD1D07A76200BF8CA3 /* Build configuration list for PBXNativeTarget "WMUICustomSheetExampleUITests" */ = {
			isa = XCConfigurationList;
			buildConfigurations = (
				939001DE1D07A76200BF8CA3 /* Debug */,
				939001DF1D07A76200BF8CA3 /* Release */,
			);
			defaultConfigurationIsVisible = 0;
		};
/* End XCConfigurationList section */
	};
	rootObject = 939001A21D07A76200BF8CA3 /* Project object */;
}
